
Microsoft Visual Studio Solution File, Format Version 12.00
# Visual Studio Version 17
VisualStudioVersion = 17.1.32407.343
MinimumVisualStudioVersion = 10.0.40219.1
Project("{9A19103F-16F7-4668-BE54-9A1E7A4F7556}") = "GermanVocabApp.Api", "GermanVocabApp.Api\GermanVocabApp.Api.csproj", "{6179E8C7-4EB4-4DA2-A3BE-FC9F716A4074}"
EndProject
Project("{9A19103F-16F7-4668-BE54-9A1E7A4F7556}") = "GermanVocabApp.DataAccess.EntityFramework", "GermanVocabApp.DataAccess.EntityFramework\GermanVocabApp.DataAccess.EntityFramework.csproj", "{FFD4D0D5-2129-4677-8B59-7FF38DE65FEB}"
EndProject
Project("{2150E333-8FDC-42A3-9474-1A3956D46DE8}") = "Infrastructure", "Infrastructure", "{AE5185CB-0027-43AA-B603-26487D2091AC}"
EndProject
Project("{2150E333-8FDC-42A3-9474-1A3956D46DE8}") = "Application", "Application", "{A7CD964B-D532-4261-965D-53EFED352767}"
EndProject
Project("{2150E333-8FDC-42A3-9474-1A3956D46DE8}") = "Solution Items", "Solution Items", "{1B2AEDBA-C266-414F-BB7E-4BD8CD052466}"
	ProjectSection(SolutionItems) = preProject
		.editorconfig = .editorconfig
	EndProjectSection
EndProject
Project("{9A19103F-16F7-4668-BE54-9A1E7A4F7556}") = "GermanVocabApp.Shared", "GermanVocabApp.Shared\GermanVocabApp.Shared.csproj", "{B00DD6D9-FD9A-4113-84B5-5D8D5D57DA24}"
EndProject
Project("{9A19103F-16F7-4668-BE54-9A1E7A4F7556}") = "GermanVocabApp.DataAccess.Shared", "GermanVocabApp.DataAccess.Shared\GermanVocabApp.DataAccess.Shared.csproj", "{92B0C0AB-35A3-4B3A-B645-2CF589587C9C}"
EndProject
Project("{9A19103F-16F7-4668-BE54-9A1E7A4F7556}") = "Osiris.Utilities.Collections.Generic", "..\..\Osiris\Osiris.Utilities.Collections.Generic\Osiris.Utilities.Collections.Generic.csproj", "{20125E4B-23C5-49FA-9799-678066ADC128}"
EndProject
Project("{9A19103F-16F7-4668-BE54-9A1E7A4F7556}") = "GermanVocabApp.Core", "GermanVocabApp.Core\GermanVocabApp.Core.csproj", "{FECE6140-8529-4234-A8B9-98E265170AF3}"
EndProject
Project("{9A19103F-16F7-4668-BE54-9A1E7A4F7556}") = "Osiris.FluentValidation", "..\..\Osiris\Osiris.FluentValidation\Osiris.FluentValidation.csproj", "{C22385B8-9B99-4795-B436-6BA1295134C2}"
EndProject
Project("{9A19103F-16F7-4668-BE54-9A1E7A4F7556}") = "Osiris.System.Extensions", "..\..\Osiris\Osiris.System.Extensions\Osiris.System.Extensions.csproj", "{DB762B25-65A7-4C0D-A26C-85F5A8404CFD}"
EndProject
Project("{9A19103F-16F7-4668-BE54-9A1E7A4F7556}") = "GermanVocabApp.Api.Tests.Unit", "GermanVocabApp.Api.Tests.Unit\GermanVocabApp.Api.Tests.Unit.csproj", "{7ED3AD3C-EEAE-4864-AFA3-62975795FFCB}"
EndProject
Project("{9A19103F-16F7-4668-BE54-9A1E7A4F7556}") = "GermanVocabApp.DataAccess.EntityFramework.Tests.Unit", "GermanVocabApp.DataAccess.EntityFramework.Tests.Unit\GermanVocabApp.DataAccess.EntityFramework.Tests.Unit.csproj", "{4D5EF449-E341-4B11-A303-D9E3A187BAAF}"
EndProject
Global
	GlobalSection(SolutionConfigurationPlatforms) = preSolution
		Debug|Any CPU = Debug|Any CPU
		Release|Any CPU = Release|Any CPU
	EndGlobalSection
	GlobalSection(ProjectConfigurationPlatforms) = postSolution
		{6179E8C7-4EB4-4DA2-A3BE-FC9F716A4074}.Debug|Any CPU.ActiveCfg = Debug|Any CPU
		{6179E8C7-4EB4-4DA2-A3BE-FC9F716A4074}.Debug|Any CPU.Build.0 = Debug|Any CPU
		{6179E8C7-4EB4-4DA2-A3BE-FC9F716A4074}.Release|Any CPU.ActiveCfg = Release|Any CPU
		{6179E8C7-4EB4-4DA2-A3BE-FC9F716A4074}.Release|Any CPU.Build.0 = Release|Any CPU
		{FFD4D0D5-2129-4677-8B59-7FF38DE65FEB}.Debug|Any CPU.ActiveCfg = Debug|Any CPU
		{FFD4D0D5-2129-4677-8B59-7FF38DE65FEB}.Debug|Any CPU.Build.0 = Debug|Any CPU
		{FFD4D0D5-2129-4677-8B59-7FF38DE65FEB}.Release|Any CPU.ActiveCfg = Release|Any CPU
		{FFD4D0D5-2129-4677-8B59-7FF38DE65FEB}.Release|Any CPU.Build.0 = Release|Any CPU
		{B00DD6D9-FD9A-4113-84B5-5D8D5D57DA24}.Debug|Any CPU.ActiveCfg = Debug|Any CPU
		{B00DD6D9-FD9A-4113-84B5-5D8D5D57DA24}.Debug|Any CPU.Build.0 = Debug|Any CPU
		{B00DD6D9-FD9A-4113-84B5-5D8D5D57DA24}.Release|Any CPU.ActiveCfg = Release|Any CPU
		{B00DD6D9-FD9A-4113-84B5-5D8D5D57DA24}.Release|Any CPU.Build.0 = Release|Any CPU
		{92B0C0AB-35A3-4B3A-B645-2CF589587C9C}.Debug|Any CPU.ActiveCfg = Debug|Any CPU
		{92B0C0AB-35A3-4B3A-B645-2CF589587C9C}.Debug|Any CPU.Build.0 = Debug|Any CPU
		{92B0C0AB-35A3-4B3A-B645-2CF589587C9C}.Release|Any CPU.ActiveCfg = Release|Any CPU
		{92B0C0AB-35A3-4B3A-B645-2CF589587C9C}.Release|Any CPU.Build.0 = Release|Any CPU
		{20125E4B-23C5-49FA-9799-678066ADC128}.Debug|Any CPU.ActiveCfg = Debug|Any CPU
		{20125E4B-23C5-49FA-9799-678066ADC128}.Debug|Any CPU.Build.0 = Debug|Any CPU
		{20125E4B-23C5-49FA-9799-678066ADC128}.Release|Any CPU.ActiveCfg = Release|Any CPU
		{20125E4B-23C5-49FA-9799-678066ADC128}.Release|Any CPU.Build.0 = Release|Any CPU
		{FECE6140-8529-4234-A8B9-98E265170AF3}.Debug|Any CPU.ActiveCfg = Debug|Any CPU
		{FECE6140-8529-4234-A8B9-98E265170AF3}.Debug|Any CPU.Build.0 = Debug|Any CPU
		{FECE6140-8529-4234-A8B9-98E265170AF3}.Release|Any CPU.ActiveCfg = Release|Any CPU
		{FECE6140-8529-4234-A8B9-98E265170AF3}.Release|Any CPU.Build.0 = Release|Any CPU
		{C22385B8-9B99-4795-B436-6BA1295134C2}.Debug|Any CPU.ActiveCfg = Debug|Any CPU
		{C22385B8-9B99-4795-B436-6BA1295134C2}.Debug|Any CPU.Build.0 = Debug|Any CPU
		{C22385B8-9B99-4795-B436-6BA1295134C2}.Release|Any CPU.ActiveCfg = Release|Any CPU
		{C22385B8-9B99-4795-B436-6BA1295134C2}.Release|Any CPU.Build.0 = Release|Any CPU
		{DB762B25-65A7-4C0D-A26C-85F5A8404CFD}.Debug|Any CPU.ActiveCfg = Debug|Any CPU
		{DB762B25-65A7-4C0D-A26C-85F5A8404CFD}.Debug|Any CPU.Build.0 = Debug|Any CPU
		{DB762B25-65A7-4C0D-A26C-85F5A8404CFD}.Release|Any CPU.ActiveCfg = Release|Any CPU
		{DB762B25-65A7-4C0D-A26C-85F5A8404CFD}.Release|Any CPU.Build.0 = Release|Any CPU
		{7ED3AD3C-EEAE-4864-AFA3-62975795FFCB}.Debug|Any CPU.ActiveCfg = Debug|Any CPU
		{7ED3AD3C-EEAE-4864-AFA3-62975795FFCB}.Debug|Any CPU.Build.0 = Debug|Any CPU
		{7ED3AD3C-EEAE-4864-AFA3-62975795FFCB}.Release|Any CPU.ActiveCfg = Release|Any CPU
		{7ED3AD3C-EEAE-4864-AFA3-62975795FFCB}.Release|Any CPU.Build.0 = Release|Any CPU
		{4D5EF449-E341-4B11-A303-D9E3A187BAAF}.Debug|Any CPU.ActiveCfg = Debug|Any CPU
		{4D5EF449-E341-4B11-A303-D9E3A187BAAF}.Debug|Any CPU.Build.0 = Debug|Any CPU
		{4D5EF449-E341-4B11-A303-D9E3A187BAAF}.Release|Any CPU.ActiveCfg = Release|Any CPU
		{4D5EF449-E341-4B11-A303-D9E3A187BAAF}.Release|Any CPU.Build.0 = Release|Any CPU
	EndGlobalSection
	GlobalSection(SolutionProperties) = preSolution
		HideSolutionNode = FALSE
	EndGlobalSection
	GlobalSection(NestedProjects) = preSolution
		{6179E8C7-4EB4-4DA2-A3BE-FC9F716A4074} = {A7CD964B-D532-4261-965D-53EFED352767}
		{FFD4D0D5-2129-4677-8B59-7FF38DE65FEB} = {AE5185CB-0027-43AA-B603-26487D2091AC}
		{92B0C0AB-35A3-4B3A-B645-2CF589587C9C} = {AE5185CB-0027-43AA-B603-26487D2091AC}
		{7ED3AD3C-EEAE-4864-AFA3-62975795FFCB} = {A7CD964B-D532-4261-965D-53EFED352767}
		{4D5EF449-E341-4B11-A303-D9E3A187BAAF} = {AE5185CB-0027-43AA-B603-26487D2091AC}
	EndGlobalSection
	GlobalSection(ExtensibilityGlobals) = postSolution
		SolutionGuid = {63843E0B-466C-46B2-BD69-C3421B111354}
	EndGlobalSection
EndGlobal
